
Microsoft Visual Studio Solution File, Format Version 12.00
# Visual Studio Version 16
VisualStudioVersion = 16.0.31911.196
MinimumVisualStudioVersion = 10.0.40219.1
Project("{9A19103F-16F7-4668-BE54-9A1E7A4F7556}") = "Aula15-08-Variaveis", "Aula15-08-variaveis\Aula15-08-Variaveis.csproj", "{915069A5-6B9D-4157-B663-DD817866F707}"
EndProject
Project("{9A19103F-16F7-4668-BE54-9A1E7A4F7556}") = "Aula15-08-Random", "Aula15-08-Random\Aula15-08-Random.csproj", "{654AA552-238D-49A6-8582-81EF72BE9918}"
EndProject
Project("{9A19103F-16F7-4668-BE54-9A1E7A4F7556}") = "Aula15-08-OperadoresMatematicos", "Aula15-08-OperadoresMatematicos\Aula15-08-OperadoresMatematicos.csproj", "{DFB1ACDA-C06E-4FF2-B25B-06FC9D9DF213}"
EndProject
Project("{9A19103F-16F7-4668-BE54-9A1E7A4F7556}") = "Aula15-08-ExercicioMegaSena", "Aula15-08-ExercicioMegaSena\Aula15-08-ExercicioMegaSena.csproj", "{2BEDDA64-3B5E-437B-B454-EDAB79B16739}"
EndProject
Project("{9A19103F-16F7-4668-BE54-9A1E7A4F7556}") = "Aula16-08-Console-ReadLine", "Aula16-08-Console-ReadLine\Aula16-08-Console-ReadLine.csproj", "{0E09D772-6843-42E5-926D-9D2E0311CDD1}"
EndProject
Project("{9A19103F-16F7-4668-BE54-9A1E7A4F7556}") = "Aula16-08-ExercicioCalculadora", "Aula16-08-ExercicioCalculadora\Aula16-08-ExercicioCalculadora.csproj", "{9D907CB4-0C2B-47C1-B2CD-9DF5F3E5A74C}"
EndProject
Project("{9A19103F-16F7-4668-BE54-9A1E7A4F7556}") = "Aula16-08-Exercicio01", "Aula16-08-ExercicioPlayer\Aula16-08-Exercicio01.csproj", "{339B3B41-45BC-4EAB-8B0C-68F82B8DC5C9}"
EndProject
Project("{9A19103F-16F7-4668-BE54-9A1E7A4F7556}") = "Aula16-08-Exercicio02", "Aula16-08-Exercicio02\Aula16-08-Exercicio02.csproj", "{B4F8D10E-1864-4B64-B9EA-3F03F28F4D4E}"
EndProject
Project("{9A19103F-16F7-4668-BE54-9A1E7A4F7556}") = "Aula17-08-Operadores", "Aula17-08-Operadores\Aula17-08-Operadores.csproj", "{34BDF382-E012-4FF0-9712-456E90F2504E}"
EndProject
Project("{9A19103F-16F7-4668-BE54-9A1E7A4F7556}") = "Aula17-08-OperadoresII", "Aula17-08-OperadoresII\Aula17-08-OperadoresII.csproj", "{D1D85551-464C-4CB0-ADB2-82E889C41310}"
EndProject
Project("{9A19103F-16F7-4668-BE54-9A1E7A4F7556}") = "Aula17-08-OperadoresIII", "Aula17-08-OperadoresIII\Aula17-08-OperadoresIII.csproj", "{E6BE3E66-940D-46D3-9AF1-27FC8DE01018}"
EndProject
Project("{9A19103F-16F7-4668-BE54-9A1E7A4F7556}") = "Aula17-08-Comando-If", "Aula17-08-Comando-If\Aula17-08-Comando-If.csproj", "{60AA08DE-CE19-4751-8373-76337508D548}"
EndProject
Project("{9A19103F-16F7-4668-BE54-9A1E7A4F7556}") = "Aula17-08-Exercicio01", "Aula17-08-Exercicio01\Aula17-08-Exercicio01.csproj", "{79CDE5DA-9667-4292-92E3-0AC2D6AC3F54}"
EndProject
Project("{9A19103F-16F7-4668-BE54-9A1E7A4F7556}") = "Aula18-08-Exercicio2", "Aula18-08-Exercicio2\Aula18-08-Exercicio2.csproj", "{8850CC38-1D24-48FD-B706-6871090CF9FB}"
EndProject
Project("{9A19103F-16F7-4668-BE54-9A1E7A4F7556}") = "Aula18-08-BatalhaNaval", "Aula18-08-BatalhaNaval\Aula18-08-BatalhaNaval.csproj", "{9E1D77EC-5DED-489D-8A0E-E58D5BC8C62A}"
EndProject
Project("{9A19103F-16F7-4668-BE54-9A1E7A4F7556}") = "Aula18-08-Exercicio3", "Aula18-08-Exercicio3\Aula18-08-Exercicio3.csproj", "{5CB56ADB-6773-486B-89C6-4D441914D437}"
EndProject
Project("{9A19103F-16F7-4668-BE54-9A1E7A4F7556}") = "Aula19-08-Exercicio5", "Aula19-08-Exercicio5\Aula19-08-Exercicio5.csproj", "{BD8CA461-2A3A-41CB-AFD9-E608A38DF729}"
EndProject
Project("{9A19103F-16F7-4668-BE54-9A1E7A4F7556}") = "Aula19-08-Exercicio6", "Aula19-08-Exercicio6\Aula19-08-Exercicio6.csproj", "{C92A2399-7300-4D81-85FB-75E383042D9F}"
EndProject
Project("{9A19103F-16F7-4668-BE54-9A1E7A4F7556}") = "Aula19-08-Exercicio7", "Aula19-08-Exercicio7\Aula19-08-Exercicio7.csproj", "{DC067F8F-355E-4D36-8161-84F071518266}"
EndProject
Project("{9A19103F-16F7-4668-BE54-9A1E7A4F7556}") = "Aula22-08-Exercicio8", "Aula22-08-Exercicio8\Aula22-08-Exercicio8.csproj", "{7EB5353D-70C7-4657-9266-32D28235F1A3}"
EndProject
Project("{9A19103F-16F7-4668-BE54-9A1E7A4F7556}") = "Aula22-08-Repeticao01", "Aula22-08-Repeticao01\Aula22-08-Repeticao01.csproj", "{191A7FB4-7D35-4DE5-B485-52BE736DC44F}"
EndProject
Project("{9A19103F-16F7-4668-BE54-9A1E7A4F7556}") = "Aula22-08-Exercicio9-Dados", "Aula22-08-Exercicio9-Dados\Aula22-08-Exercicio9-Dados.csproj", "{B31C302F-B71F-449F-89A6-8DDC8C17037E}"
EndProject
Project("{9A19103F-16F7-4668-BE54-9A1E7A4F7556}") = "Aula23-08-Exercicio10", "Aula23-08-Exercicio10\Aula23-08-Exercicio10.csproj", "{4E5C4B38-A07F-4128-B43F-71C0F223CA7C}"
EndProject
Project("{FAE04EC0-301F-11D3-BF4B-00C04F79EFBC}") = "Aula29-08-Métodos", "Aula29-08-Métodos\Aula29-08-Métodos.csproj", "{02E21CB4-E450-4DC9-B24C-DF667BA577F7}"
EndProject
Global
	GlobalSection(SolutionConfigurationPlatforms) = preSolution
		Debug|Any CPU = Debug|Any CPU
		Release|Any CPU = Release|Any CPU
	EndGlobalSection
	GlobalSection(ProjectConfigurationPlatforms) = postSolution
		{915069A5-6B9D-4157-B663-DD817866F707}.Debug|Any CPU.ActiveCfg = Debug|Any CPU
		{915069A5-6B9D-4157-B663-DD817866F707}.Debug|Any CPU.Build.0 = Debug|Any CPU
		{915069A5-6B9D-4157-B663-DD817866F707}.Release|Any CPU.ActiveCfg = Release|Any CPU
		{915069A5-6B9D-4157-B663-DD817866F707}.Release|Any CPU.Build.0 = Release|Any CPU
		{654AA552-238D-49A6-8582-81EF72BE9918}.Debug|Any CPU.ActiveCfg = Debug|Any CPU
		{654AA552-238D-49A6-8582-81EF72BE9918}.Debug|Any CPU.Build.0 = Debug|Any CPU
		{654AA552-238D-49A6-8582-81EF72BE9918}.Release|Any CPU.ActiveCfg = Release|Any CPU
		{654AA552-238D-49A6-8582-81EF72BE9918}.Release|Any CPU.Build.0 = Release|Any CPU
		{DFB1ACDA-C06E-4FF2-B25B-06FC9D9DF213}.Debug|Any CPU.ActiveCfg = Debug|Any CPU
		{DFB1ACDA-C06E-4FF2-B25B-06FC9D9DF213}.Debug|Any CPU.Build.0 = Debug|Any CPU
		{DFB1ACDA-C06E-4FF2-B25B-06FC9D9DF213}.Release|Any CPU.ActiveCfg = Release|Any CPU
		{DFB1ACDA-C06E-4FF2-B25B-06FC9D9DF213}.Release|Any CPU.Build.0 = Release|Any CPU
		{2BEDDA64-3B5E-437B-B454-EDAB79B16739}.Debug|Any CPU.ActiveCfg = Debug|Any CPU
		{2BEDDA64-3B5E-437B-B454-EDAB79B16739}.Debug|Any CPU.Build.0 = Debug|Any CPU
		{2BEDDA64-3B5E-437B-B454-EDAB79B16739}.Release|Any CPU.ActiveCfg = Release|Any CPU
		{2BEDDA64-3B5E-437B-B454-EDAB79B16739}.Release|Any CPU.Build.0 = Release|Any CPU
		{0E09D772-6843-42E5-926D-9D2E0311CDD1}.Debug|Any CPU.ActiveCfg = Debug|Any CPU
		{0E09D772-6843-42E5-926D-9D2E0311CDD1}.Debug|Any CPU.Build.0 = Debug|Any CPU
		{0E09D772-6843-42E5-926D-9D2E0311CDD1}.Release|Any CPU.ActiveCfg = Release|Any CPU
		{0E09D772-6843-42E5-926D-9D2E0311CDD1}.Release|Any CPU.Build.0 = Release|Any CPU
		{9D907CB4-0C2B-47C1-B2CD-9DF5F3E5A74C}.Debug|Any CPU.ActiveCfg = Debug|Any CPU
		{9D907CB4-0C2B-47C1-B2CD-9DF5F3E5A74C}.Debug|Any CPU.Build.0 = Debug|Any CPU
		{9D907CB4-0C2B-47C1-B2CD-9DF5F3E5A74C}.Release|Any CPU.ActiveCfg = Release|Any CPU
		{9D907CB4-0C2B-47C1-B2CD-9DF5F3E5A74C}.Release|Any CPU.Build.0 = Release|Any CPU
		{339B3B41-45BC-4EAB-8B0C-68F82B8DC5C9}.Debug|Any CPU.ActiveCfg = Debug|Any CPU
		{339B3B41-45BC-4EAB-8B0C-68F82B8DC5C9}.Debug|Any CPU.Build.0 = Debug|Any CPU
		{339B3B41-45BC-4EAB-8B0C-68F82B8DC5C9}.Release|Any CPU.ActiveCfg = Release|Any CPU
		{339B3B41-45BC-4EAB-8B0C-68F82B8DC5C9}.Release|Any CPU.Build.0 = Release|Any CPU
		{B4F8D10E-1864-4B64-B9EA-3F03F28F4D4E}.Debug|Any CPU.ActiveCfg = Debug|Any CPU
		{B4F8D10E-1864-4B64-B9EA-3F03F28F4D4E}.Debug|Any CPU.Build.0 = Debug|Any CPU
		{B4F8D10E-1864-4B64-B9EA-3F03F28F4D4E}.Release|Any CPU.ActiveCfg = Release|Any CPU
		{B4F8D10E-1864-4B64-B9EA-3F03F28F4D4E}.Release|Any CPU.Build.0 = Release|Any CPU
		{34BDF382-E012-4FF0-9712-456E90F2504E}.Debug|Any CPU.ActiveCfg = Debug|Any CPU
		{34BDF382-E012-4FF0-9712-456E90F2504E}.Debug|Any CPU.Build.0 = Debug|Any CPU
		{34BDF382-E012-4FF0-9712-456E90F2504E}.Release|Any CPU.ActiveCfg = Release|Any CPU
		{34BDF382-E012-4FF0-9712-456E90F2504E}.Release|Any CPU.Build.0 = Release|Any CPU
		{D1D85551-464C-4CB0-ADB2-82E889C41310}.Debug|Any CPU.ActiveCfg = Debug|Any CPU
		{D1D85551-464C-4CB0-ADB2-82E889C41310}.Debug|Any CPU.Build.0 = Debug|Any CPU
		{D1D85551-464C-4CB0-ADB2-82E889C41310}.Release|Any CPU.ActiveCfg = Release|Any CPU
		{D1D85551-464C-4CB0-ADB2-82E889C41310}.Release|Any CPU.Build.0 = Release|Any CPU
		{E6BE3E66-940D-46D3-9AF1-27FC8DE01018}.Debug|Any CPU.ActiveCfg = Debug|Any CPU
		{E6BE3E66-940D-46D3-9AF1-27FC8DE01018}.Debug|Any CPU.Build.0 = Debug|Any CPU
		{E6BE3E66-940D-46D3-9AF1-27FC8DE01018}.Release|Any CPU.ActiveCfg = Release|Any CPU
		{E6BE3E66-940D-46D3-9AF1-27FC8DE01018}.Release|Any CPU.Build.0 = Release|Any CPU
		{60AA08DE-CE19-4751-8373-76337508D548}.Debug|Any CPU.ActiveCfg = Debug|Any CPU
		{60AA08DE-CE19-4751-8373-76337508D548}.Debug|Any CPU.Build.0 = Debug|Any CPU
		{60AA08DE-CE19-4751-8373-76337508D548}.Release|Any CPU.ActiveCfg = Release|Any CPU
		{60AA08DE-CE19-4751-8373-76337508D548}.Release|Any CPU.Build.0 = Release|Any CPU
		{79CDE5DA-9667-4292-92E3-0AC2D6AC3F54}.Debug|Any CPU.ActiveCfg = Debug|Any CPU
		{79CDE5DA-9667-4292-92E3-0AC2D6AC3F54}.Debug|Any CPU.Build.0 = Debug|Any CPU
		{79CDE5DA-9667-4292-92E3-0AC2D6AC3F54}.Release|Any CPU.ActiveCfg = Release|Any CPU
		{79CDE5DA-9667-4292-92E3-0AC2D6AC3F54}.Release|Any CPU.Build.0 = Release|Any CPU
		{8850CC38-1D24-48FD-B706-6871090CF9FB}.Debug|Any CPU.ActiveCfg = Debug|Any CPU
		{8850CC38-1D24-48FD-B706-6871090CF9FB}.Debug|Any CPU.Build.0 = Debug|Any CPU
		{8850CC38-1D24-48FD-B706-6871090CF9FB}.Release|Any CPU.ActiveCfg = Release|Any CPU
		{8850CC38-1D24-48FD-B706-6871090CF9FB}.Release|Any CPU.Build.0 = Release|Any CPU
		{9E1D77EC-5DED-489D-8A0E-E58D5BC8C62A}.Debug|Any CPU.ActiveCfg = Debug|Any CPU
		{9E1D77EC-5DED-489D-8A0E-E58D5BC8C62A}.Debug|Any CPU.Build.0 = Debug|Any CPU
		{9E1D77EC-5DED-489D-8A0E-E58D5BC8C62A}.Release|Any CPU.ActiveCfg = Release|Any CPU
		{9E1D77EC-5DED-489D-8A0E-E58D5BC8C62A}.Release|Any CPU.Build.0 = Release|Any CPU
		{5CB56ADB-6773-486B-89C6-4D441914D437}.Debug|Any CPU.ActiveCfg = Debug|Any CPU
		{5CB56ADB-6773-486B-89C6-4D441914D437}.Debug|Any CPU.Build.0 = Debug|Any CPU
		{5CB56ADB-6773-486B-89C6-4D441914D437}.Release|Any CPU.ActiveCfg = Release|Any CPU
		{5CB56ADB-6773-486B-89C6-4D441914D437}.Release|Any CPU.Build.0 = Release|Any CPU
		{BD8CA461-2A3A-41CB-AFD9-E608A38DF729}.Debug|Any CPU.ActiveCfg = Debug|Any CPU
		{BD8CA461-2A3A-41CB-AFD9-E608A38DF729}.Debug|Any CPU.Build.0 = Debug|Any CPU
		{BD8CA461-2A3A-41CB-AFD9-E608A38DF729}.Release|Any CPU.ActiveCfg = Release|Any CPU
		{BD8CA461-2A3A-41CB-AFD9-E608A38DF729}.Release|Any CPU.Build.0 = Release|Any CPU
		{C92A2399-7300-4D81-85FB-75E383042D9F}.Debug|Any CPU.ActiveCfg = Debug|Any CPU
		{C92A2399-7300-4D81-85FB-75E383042D9F}.Debug|Any CPU.Build.0 = Debug|Any CPU
		{C92A2399-7300-4D81-85FB-75E383042D9F}.Release|Any CPU.ActiveCfg = Release|Any CPU
		{C92A2399-7300-4D81-85FB-75E383042D9F}.Release|Any CPU.Build.0 = Release|Any CPU
		{DC067F8F-355E-4D36-8161-84F071518266}.Debug|Any CPU.ActiveCfg = Debug|Any CPU
		{DC067F8F-355E-4D36-8161-84F071518266}.Debug|Any CPU.Build.0 = Debug|Any CPU
		{DC067F8F-355E-4D36-8161-84F071518266}.Release|Any CPU.ActiveCfg = Release|Any CPU
		{DC067F8F-355E-4D36-8161-84F071518266}.Release|Any CPU.Build.0 = Release|Any CPU
		{7EB5353D-70C7-4657-9266-32D28235F1A3}.Debug|Any CPU.ActiveCfg = Debug|Any CPU
		{7EB5353D-70C7-4657-9266-32D28235F1A3}.Debug|Any CPU.Build.0 = Debug|Any CPU
		{7EB5353D-70C7-4657-9266-32D28235F1A3}.Release|Any CPU.ActiveCfg = Release|Any CPU
		{7EB5353D-70C7-4657-9266-32D28235F1A3}.Release|Any CPU.Build.0 = Release|Any CPU
		{191A7FB4-7D35-4DE5-B485-52BE736DC44F}.Debug|Any CPU.ActiveCfg = Debug|Any CPU
		{191A7FB4-7D35-4DE5-B485-52BE736DC44F}.Debug|Any CPU.Build.0 = Debug|Any CPU
		{191A7FB4-7D35-4DE5-B485-52BE736DC44F}.Release|Any CPU.ActiveCfg = Release|Any CPU
		{191A7FB4-7D35-4DE5-B485-52BE736DC44F}.Release|Any CPU.Build.0 = Release|Any CPU
		{B31C302F-B71F-449F-89A6-8DDC8C17037E}.Debug|Any CPU.ActiveCfg = Debug|Any CPU
		{B31C302F-B71F-449F-89A6-8DDC8C17037E}.Debug|Any CPU.Build.0 = Debug|Any CPU
		{B31C302F-B71F-449F-89A6-8DDC8C17037E}.Release|Any CPU.ActiveCfg = Release|Any CPU
		{B31C302F-B71F-449F-89A6-8DDC8C17037E}.Release|Any CPU.Build.0 = Release|Any CPU
		{4E5C4B38-A07F-4128-B43F-71C0F223CA7C}.Debug|Any CPU.ActiveCfg = Debug|Any CPU
		{4E5C4B38-A07F-4128-B43F-71C0F223CA7C}.Debug|Any CPU.Build.0 = Debug|Any CPU
		{4E5C4B38-A07F-4128-B43F-71C0F223CA7C}.Release|Any CPU.ActiveCfg = Release|Any CPU
		{4E5C4B38-A07F-4128-B43F-71C0F223CA7C}.Release|Any CPU.Build.0 = Release|Any CPU
		{02E21CB4-E450-4DC9-B24C-DF667BA577F7}.Debug|Any CPU.ActiveCfg = Debug|Any CPU
		{02E21CB4-E450-4DC9-B24C-DF667BA577F7}.Debug|Any CPU.Build.0 = Debug|Any CPU
		{02E21CB4-E450-4DC9-B24C-DF667BA577F7}.Release|Any CPU.ActiveCfg = Release|Any CPU
		{02E21CB4-E450-4DC9-B24C-DF667BA577F7}.Release|Any CPU.Build.0 = Release|Any CPU
	EndGlobalSection
	GlobalSection(SolutionProperties) = preSolution
		HideSolutionNode = FALSE
	EndGlobalSection
	GlobalSection(ExtensibilityGlobals) = postSolution
		SolutionGuid = {D486A1E9-BB55-4DC3-9158-64D10483801B}
	EndGlobalSection
EndGlobal
