
Microsoft Visual Studio Solution File, Format Version 12.00
# Visual Studio Version 16
VisualStudioVersion = 16.0.31911.196
MinimumVisualStudioVersion = 10.0.40219.1
Project("{FAE04EC0-301F-11D3-BF4B-00C04F79EFBC}") = "Aula15-08-Variaveis", "Aula15-08-variaveis\Aula15-08-Variaveis.csproj", "{915069A5-6B9D-4157-B663-DD817866F707}"
EndProject
Project("{FAE04EC0-301F-11D3-BF4B-00C04F79EFBC}") = "Aula15-08-Random", "Aula15-08-Random\Aula15-08-Random.csproj", "{654AA552-238D-49A6-8582-81EF72BE9918}"
EndProject
Project("{FAE04EC0-301F-11D3-BF4B-00C04F79EFBC}") = "Aula15-08-OperadoresMatematicos", "Aula15-08-OperadoresMatematicos\Aula15-08-OperadoresMatematicos.csproj", "{DFB1ACDA-C06E-4FF2-B25B-06FC9D9DF213}"
EndProject
Project("{FAE04EC0-301F-11D3-BF4B-00C04F79EFBC}") = "Aula15-08-ExercicioMegaSena", "Aula15-08-ExercicioMegaSena\Aula15-08-ExercicioMegaSena.csproj", "{2BEDDA64-3B5E-437B-B454-EDAB79B16739}"
EndProject
Global
	GlobalSection(SolutionConfigurationPlatforms) = preSolution
		Debug|Any CPU = Debug|Any CPU
		Release|Any CPU = Release|Any CPU
	EndGlobalSection
	GlobalSection(ProjectConfigurationPlatforms) = postSolution
		{915069A5-6B9D-4157-B663-DD817866F707}.Debug|Any CPU.ActiveCfg = Debug|Any CPU
		{915069A5-6B9D-4157-B663-DD817866F707}.Debug|Any CPU.Build.0 = Debug|Any CPU
		{915069A5-6B9D-4157-B663-DD817866F707}.Release|Any CPU.ActiveCfg = Release|Any CPU
		{915069A5-6B9D-4157-B663-DD817866F707}.Release|Any CPU.Build.0 = Release|Any CPU
		{654AA552-238D-49A6-8582-81EF72BE9918}.Debug|Any CPU.ActiveCfg = Debug|Any CPU
		{654AA552-238D-49A6-8582-81EF72BE9918}.Debug|Any CPU.Build.0 = Debug|Any CPU
		{654AA552-238D-49A6-8582-81EF72BE9918}.Release|Any CPU.ActiveCfg = Release|Any CPU
		{654AA552-238D-49A6-8582-81EF72BE9918}.Release|Any CPU.Build.0 = Release|Any CPU
		{DFB1ACDA-C06E-4FF2-B25B-06FC9D9DF213}.Debug|Any CPU.ActiveCfg = Debug|Any CPU
		{DFB1ACDA-C06E-4FF2-B25B-06FC9D9DF213}.Debug|Any CPU.Build.0 = Debug|Any CPU
		{DFB1ACDA-C06E-4FF2-B25B-06FC9D9DF213}.Release|Any CPU.ActiveCfg = Release|Any CPU
		{DFB1ACDA-C06E-4FF2-B25B-06FC9D9DF213}.Release|Any CPU.Build.0 = Release|Any CPU
		{2BEDDA64-3B5E-437B-B454-EDAB79B16739}.Debug|Any CPU.ActiveCfg = Debug|Any CPU
		{2BEDDA64-3B5E-437B-B454-EDAB79B16739}.Debug|Any CPU.Build.0 = Debug|Any CPU
		{2BEDDA64-3B5E-437B-B454-EDAB79B16739}.Release|Any CPU.ActiveCfg = Release|Any CPU
		{2BEDDA64-3B5E-437B-B454-EDAB79B16739}.Release|Any CPU.Build.0 = Release|Any CPU
	EndGlobalSection
	GlobalSection(SolutionProperties) = preSolution
		HideSolutionNode = FALSE
	EndGlobalSection
	GlobalSection(ExtensibilityGlobals) = postSolution
		SolutionGuid = {D486A1E9-BB55-4DC3-9158-64D10483801B}
	EndGlobalSection
EndGlobal
